
Microsoft Visual Studio Solution File, Format Version 12.00
# Visual Studio 15
VisualStudioVersion = 15.0.28010.2016
MinimumVisualStudioVersion = 10.0.40219.1
Project("{FAE04EC0-301F-11D3-BF4B-00C04F79EFBC}") = "ASP_07", "ASP_07\ASP_07.csproj", "{239CE2A6-8B12-4F6A-8C7D-2B823D574322}"
EndProject
Global
	GlobalSection(SolutionConfigurationPlatforms) = preSolution
		Debug|Any CPU = Debug|Any CPU
		Release|Any CPU = Release|Any CPU
	EndGlobalSection
	GlobalSection(ProjectConfigurationPlatforms) = postSolution
		{239CE2A6-8B12-4F6A-8C7D-2B823D574322}.Debug|Any CPU.ActiveCfg = Debug|Any CPU
		{239CE2A6-8B12-4F6A-8C7D-2B823D574322}.Debug|Any CPU.Build.0 = Debug|Any CPU
		{239CE2A6-8B12-4F6A-8C7D-2B823D574322}.Release|Any CPU.ActiveCfg = Release|Any CPU
		{239CE2A6-8B12-4F6A-8C7D-2B823D574322}.Release|Any CPU.Build.0 = Release|Any CPU
	EndGlobalSection
	GlobalSection(SolutionProperties) = preSolution
		HideSolutionNode = FALSE
	EndGlobalSection
	GlobalSection(ExtensibilityGlobals) = postSolution
		SolutionGuid = {5F5F9166-D8F1-4A63-9DCC-C14CC974C04F}
	EndGlobalSection
EndGlobal
